
Microsoft Visual Studio Solution File, Format Version 12.00
# Visual Studio Version 16
VisualStudioVersion = 16.0.30523.141
MinimumVisualStudioVersion = 10.0.40219.1
Project("{8BC9CEB8-8B4A-11D0-8D11-00A0C91BC942}") = "ASD_7", "ASD_7\ASD_7.vcxproj", "{55FBD4A3-9B50-44AE-A425-B5680789D299}"
EndProject
Global
	GlobalSection(SolutionConfigurationPlatforms) = preSolution
		Debug|x64 = Debug|x64
		Debug|x86 = Debug|x86
		Release|x64 = Release|x64
		Release|x86 = Release|x86
	EndGlobalSection
	GlobalSection(ProjectConfigurationPlatforms) = postSolution
		{55FBD4A3-9B50-44AE-A425-B5680789D299}.Debug|x64.ActiveCfg = Debug|x64
		{55FBD4A3-9B50-44AE-A425-B5680789D299}.Debug|x64.Build.0 = Debug|x64
		{55FBD4A3-9B50-44AE-A425-B5680789D299}.Debug|x86.ActiveCfg = Debug|Win32
		{55FBD4A3-9B50-44AE-A425-B5680789D299}.Debug|x86.Build.0 = Debug|Win32
		{55FBD4A3-9B50-44AE-A425-B5680789D299}.Release|x64.ActiveCfg = Release|x64
		{55FBD4A3-9B50-44AE-A425-B5680789D299}.Release|x64.Build.0 = Release|x64
		{55FBD4A3-9B50-44AE-A425-B5680789D299}.Release|x86.ActiveCfg = Release|Win32
		{55FBD4A3-9B50-44AE-A425-B5680789D299}.Release|x86.Build.0 = Release|Win32
	EndGlobalSection
	GlobalSection(SolutionProperties) = preSolution
		HideSolutionNode = FALSE
	EndGlobalSection
	GlobalSection(ExtensibilityGlobals) = postSolution
		SolutionGuid = {55D6EDC8-D0B3-48D4-BE05-1D8171711B4C}
	EndGlobalSection
EndGlobal
